
Microsoft Visual Studio Solution File, Format Version 12.00
# Visual Studio Version 17
VisualStudioVersion = 17.1.32319.34
MinimumVisualStudioVersion = 10.0.40219.1
Project("{FAE04EC0-301F-11D3-BF4B-00C04F79EFBC}") = "TPCine", "TPCine\TPCine.csproj", "{2BC84BD7-EEE8-4AE3-A710-EAFED185E2C7}"
	ProjectSection(ProjectDependencies) = postProject
		{4C39BFA3-6E58-47D6-92D1-C59BCF2CEAA3} = {4C39BFA3-6E58-47D6-92D1-C59BCF2CEAA3}
	EndProjectSection
EndProject
Project("{9A19103F-16F7-4668-BE54-9A1E7A4F7556}") = "CinesAPI", "CinesAPI\CinesAPI.csproj", "{4C39BFA3-6E58-47D6-92D1-C59BCF2CEAA3}"
EndProject
Project("{FAE04EC0-301F-11D3-BF4B-00C04F79EFBC}") = "CinesBackend", "CinesBackend\CinesBackend.csproj", "{0EBF549C-0043-472B-A6F7-01FD1A1616C5}"
EndProject
Global
	GlobalSection(SolutionConfigurationPlatforms) = preSolution
		Debug|Any CPU = Debug|Any CPU
		Release|Any CPU = Release|Any CPU
	EndGlobalSection
	GlobalSection(ProjectConfigurationPlatforms) = postSolution
		{2BC84BD7-EEE8-4AE3-A710-EAFED185E2C7}.Debug|Any CPU.ActiveCfg = Debug|Any CPU
		{2BC84BD7-EEE8-4AE3-A710-EAFED185E2C7}.Debug|Any CPU.Build.0 = Debug|Any CPU
		{2BC84BD7-EEE8-4AE3-A710-EAFED185E2C7}.Release|Any CPU.ActiveCfg = Release|Any CPU
		{2BC84BD7-EEE8-4AE3-A710-EAFED185E2C7}.Release|Any CPU.Build.0 = Release|Any CPU
		{4C39BFA3-6E58-47D6-92D1-C59BCF2CEAA3}.Debug|Any CPU.ActiveCfg = Debug|Any CPU
		{4C39BFA3-6E58-47D6-92D1-C59BCF2CEAA3}.Debug|Any CPU.Build.0 = Debug|Any CPU
		{4C39BFA3-6E58-47D6-92D1-C59BCF2CEAA3}.Release|Any CPU.ActiveCfg = Release|Any CPU
		{4C39BFA3-6E58-47D6-92D1-C59BCF2CEAA3}.Release|Any CPU.Build.0 = Release|Any CPU
		{0EBF549C-0043-472B-A6F7-01FD1A1616C5}.Debug|Any CPU.ActiveCfg = Debug|Any CPU
		{0EBF549C-0043-472B-A6F7-01FD1A1616C5}.Debug|Any CPU.Build.0 = Debug|Any CPU
		{0EBF549C-0043-472B-A6F7-01FD1A1616C5}.Release|Any CPU.ActiveCfg = Release|Any CPU
		{0EBF549C-0043-472B-A6F7-01FD1A1616C5}.Release|Any CPU.Build.0 = Release|Any CPU
	EndGlobalSection
	GlobalSection(SolutionProperties) = preSolution
		HideSolutionNode = FALSE
	EndGlobalSection
	GlobalSection(ExtensibilityGlobals) = postSolution
		SolutionGuid = {4094A7C4-FDC8-48D0-97D9-0304226C19CA}
	EndGlobalSection
EndGlobal
